
Microsoft Visual Studio Solution File, Format Version 12.00
# Visual Studio 15
VisualStudioVersion = 15.0.28307.779
MinimumVisualStudioVersion = 10.0.40219.1
Project("{FAE04EC0-301F-11D3-BF4B-00C04F79EFBC}") = "Tfl Test", "Tfl Test\Tfl Test.csproj", "{B7B4AFA0-880E-4353-BE51-B1496005F7F5}"
EndProject
Global
	GlobalSection(SolutionConfigurationPlatforms) = preSolution
		Debug|Any CPU = Debug|Any CPU
		Release|Any CPU = Release|Any CPU
	EndGlobalSection
	GlobalSection(ProjectConfigurationPlatforms) = postSolution
		{B7B4AFA0-880E-4353-BE51-B1496005F7F5}.Debug|Any CPU.ActiveCfg = Debug|Any CPU
		{B7B4AFA0-880E-4353-BE51-B1496005F7F5}.Debug|Any CPU.Build.0 = Debug|Any CPU
		{B7B4AFA0-880E-4353-BE51-B1496005F7F5}.Release|Any CPU.ActiveCfg = Release|Any CPU
		{B7B4AFA0-880E-4353-BE51-B1496005F7F5}.Release|Any CPU.Build.0 = Release|Any CPU
	EndGlobalSection
	GlobalSection(SolutionProperties) = preSolution
		HideSolutionNode = FALSE
	EndGlobalSection
	GlobalSection(ExtensibilityGlobals) = postSolution
		SolutionGuid = {D3781320-8363-4A4F-B8A0-6F6BADEF494E}
	EndGlobalSection
EndGlobal
